
Microsoft Visual Studio Solution File, Format Version 12.00
# Visual Studio Version 17
VisualStudioVersion = 17.5.33424.131
MinimumVisualStudioVersion = 10.0.40219.1
Project("{9A19103F-16F7-4668-BE54-9A1E7A4F7556}") = "IISManager", "IISManager\IISManager.csproj", "{49A0753D-C44C-4A3F-BDDA-F0170BFB8EBC}"
EndProject
Project("{9A19103F-16F7-4668-BE54-9A1E7A4F7556}") = "IISManager.Core", "IISManager.Core\IISManager.Core.csproj", "{BB6D64D7-31BF-41DF-B928-7E92B58E41CB}"
EndProject
Global
	GlobalSection(SolutionConfigurationPlatforms) = preSolution
		Debug|Any CPU = Debug|Any CPU
		Release|Any CPU = Release|Any CPU
	EndGlobalSection
	GlobalSection(ProjectConfigurationPlatforms) = postSolution
		{49A0753D-C44C-4A3F-BDDA-F0170BFB8EBC}.Debug|Any CPU.ActiveCfg = Debug|Any CPU
		{49A0753D-C44C-4A3F-BDDA-F0170BFB8EBC}.Debug|Any CPU.Build.0 = Debug|Any CPU
		{49A0753D-C44C-4A3F-BDDA-F0170BFB8EBC}.Release|Any CPU.ActiveCfg = Release|Any CPU
		{49A0753D-C44C-4A3F-BDDA-F0170BFB8EBC}.Release|Any CPU.Build.0 = Release|Any CPU
		{BB6D64D7-31BF-41DF-B928-7E92B58E41CB}.Debug|Any CPU.ActiveCfg = Debug|Any CPU
		{BB6D64D7-31BF-41DF-B928-7E92B58E41CB}.Debug|Any CPU.Build.0 = Debug|Any CPU
		{BB6D64D7-31BF-41DF-B928-7E92B58E41CB}.Release|Any CPU.ActiveCfg = Release|Any CPU
		{BB6D64D7-31BF-41DF-B928-7E92B58E41CB}.Release|Any CPU.Build.0 = Release|Any CPU
	EndGlobalSection
	GlobalSection(SolutionProperties) = preSolution
		HideSolutionNode = FALSE
	EndGlobalSection
	GlobalSection(ExtensibilityGlobals) = postSolution
		SolutionGuid = {19C1418E-78E6-467C-A48C-E6A68D6F5A25}
	EndGlobalSection
EndGlobal
